{
  "nodes": {
    "brew-src": {
      "flake": false,
      "locked": {
        "lastModified": 1787796349,
        "narHash": "sha256-5s+MJAFyemD6lvrtL2c0jQ7P/XChdx1MPXzoCaQY+ic=",
        "owner": "Homebrew",
        "repo": "brew",
        "rev": "3e3da86e4eaccd23f4ce43df9b0a31b16c707347",
        "type": "github"
      },
      "original": {
        "owner": "Homebrew",
        "ref": "6.0.20",
        "repo": "brew",
        "type": "github"
      }
    },
    "darwin": {
      "inputs": {
        "nixpkgs": [
          "nixpkgs"
        ]
      },
      "locked": {
        "lastModified": 1786845137,
        "narHash": "sha256-oQFip+v0luP8NIxJzmiW4Wu8bILsbFWom5l0zonl8hQ=",
        "owner": "LnL7",
        "repo": "nix-darwin",
        "rev": "4cff07de74b50e64bdd68cd4e722ab5b6b35ee48",
        "type": "github"
      },
      "original": {
        "owner": "LnL7",
        "repo": "nix-darwin",
        "type": "github"
      }
    },
    "home-manager": {
      "inputs": {
        "nixpkgs": [
          "nixpkgs"
        ]
      },
      "locked": {
        "lastModified": 1788458226,
        "narHash": "sha256-UZTAlg8iKVEmyEXakzKmukrzFIKrXezYsRy9vajDrGw=",
        "owner": "nix-community",
        "repo": "home-manager",
        "rev": "aa308770461dcf22c333a5e8a31c8bddbde5bee9",
        "type": "github"
      },
      "original": {
        "owner": "nix-community",
        "repo": "home-manager",
        "type": "github"
      }
    },
    "homebrew-azure-bicep": {
      "flake": false,
      "locked": {
        "lastModified": 1788188081,
        "narHash": "sha256-cHN1naRondst2gu9pAuUJzapGqHDNdnJd+mKn9FX9mo=",
        "owner": "Azure",
        "repo": "homebrew-bicep",
        "rev": "a294630071a41a35326bb589c7b6416c03d04627",
        "type": "github"
      },
      "original": {
        "owner": "Azure",
        "repo": "homebrew-bicep",
        "type": "github"
      }
    },
    "homebrew-hashicorp-tap": {
      "flake": false,
      "locked": {
        "lastModified": 1787929113,
        "narHash": "sha256-NYyIxQzJCXgY7Z45sj625OqfK+3XuBG2EL0gqwY2Ig0=",
        "owner": "hashicorp",
        "repo": "homebrew-tap",
        "rev": "22688d45cf789ba83092a5f8b681eb667274ac7b",
        "type": "github"
      },
      "original": {
        "owner": "hashicorp",
        "repo": "homebrew-tap",
        "type": "github"
      }
    },
    "homebrew-homebrew-cask": {
      "flake": false,
      "locked": {
        "lastModified": 1788454860,
        "narHash": "sha256-/Vk4mQKERv4vsBQd2TFAABEgxXMazjUlvmcnXyvUoiM=",
        "owner": "homebrew",
        "repo": "homebrew-cask",
        "rev": "75a629f4e1eece9d71b79df768fbff76e8d28a6a",
        "type": "github"
      },
      "original": {
        "owner": "homebrew",
        "repo": "homebrew-cask",
        "type": "github"
      }
    },
    "homebrew-homebrew-core": {
      "flake": false,
      "locked": {
        "lastModified": 1788458561,
        "narHash": "sha256-hH4C/z1KzYUloXDtbnlFEFiVSZKX5IjLXipPOxp4OYo=",
        "owner": "homebrew",
        "repo": "homebrew-core",
        "rev": "61a0a898e02b941750b397d00741a376ce9bfdd4",
        "type": "github"
      },
      "original": {
        "owner": "homebrew",
        "repo": "homebrew-core",
        "type": "github"
      }
    },
    "nix-homebrew": {
      "inputs": {
        "brew-src": "brew-src"
      },
      "locked": {
        "lastModified": 1788444135,
        "narHash": "sha256-ChwTDZPvTmEgZdS30dUfgdXlzAPtZAUWwEH/PfDXZmg=",
        "owner": "zhaofengli-wip",
        "repo": "nix-homebrew",
        "rev": "ec8417a617de4d3c739aed40837e308ebd667165",
        "type": "github"
      },
      "original": {
        "owner": "zhaofengli-wip",
        "repo": "nix-homebrew",
        "type": "github"
      }
    },
    "nixpkgs": {
      "locked": {
        "lastModified": 1788372231,
        "narHash": "sha256-7aqErvrAEz/5OcPA5p3M+tVOqeYc4oJXkNIPXfCqxAw=",
        "owner": "NixOS",
        "repo": "nixpkgs",
        "rev": "9387b3fcc0c23c86661636da63faabad4235a0a6",
        "type": "github"
      },
      "original": {
        "owner": "NixOS",
        "ref": "nixpkgs-unstable",
        "repo": "nixpkgs",
        "type": "github"
      }
    },
    "root": {
      "inputs": {
        "darwin": "darwin",
        "home-manager": "home-manager",
        "homebrew-azure-bicep": "homebrew-azure-bicep",
        "homebrew-hashicorp-tap": "homebrew-hashicorp-tap",
        "homebrew-homebrew-cask": "homebrew-homebrew-cask",
        "homebrew-homebrew-core": "homebrew-homebrew-core",
        "nix-homebrew": "nix-homebrew",
        "nixpkgs": "nixpkgs",
        "rust-overlay": "rust-overlay"
      }
    },
    "rust-overlay": {
      "inputs": {
        "nixpkgs": [
          "nixpkgs"
        ]
      },
      "locked": {
        "lastModified": 1788456718,
        "narHash": "sha256-TxHC0sBjV2pmsBLKAX02JTXlye/EOLt6Do+WNtGofGw=",
        "owner": "oxalica",
        "repo": "rust-overlay",
        "rev": "0b20a18e84d9164464739189c2b2a1b00f6f0e4b",
        "type": "github"
      },
      "original": {
        "owner": "oxalica",
        "repo": "rust-overlay",
        "type": "github"
      }
    }
  },
  "root": "root",
  "version": 7
}
