{
  "nodes": {
    "brew-src": {
      "flake": false,
      "locked": {
        "lastModified": 1785146564,
        "narHash": "sha256-Sa7/HrfB04H32OJ7/ofxXjiZEbkWtCNOriONYYTL1OA=",
        "owner": "Homebrew",
        "repo": "brew",
        "rev": "b2cfc03346d482f79886de108fee5dc49a6efc10",
        "type": "github"
      },
      "original": {
        "owner": "Homebrew",
        "ref": "6.0.13",
        "repo": "brew",
        "type": "github"
      }
    },
    "darwin": {
      "inputs": {
        "nixpkgs": [
          "nixpkgs"
        ]
      },
      "locked": {
        "lastModified": 1785389976,
        "narHash": "sha256-0tLW8Ff5yt8AH97jw4ZpFJ0OCJ122zIlgWGDmOfU/VU=",
        "owner": "LnL7",
        "repo": "nix-darwin",
        "rev": "15abb8c98f336cd8bd840d71059adebabe60bf04",
        "type": "github"
      },
      "original": {
        "owner": "LnL7",
        "repo": "nix-darwin",
        "type": "github"
      }
    },
    "home-manager": {
      "inputs": {
        "nixpkgs": [
          "nixpkgs"
        ]
      },
      "locked": {
        "lastModified": 1786031233,
        "narHash": "sha256-TIDlLTLI1/pB7IqgjzcKQjpODQsZE2oII4XGG9B6KjI=",
        "owner": "nix-community",
        "repo": "home-manager",
        "rev": "7834e82588860aaf780cec1366524456a70898d7",
        "type": "github"
      },
      "original": {
        "owner": "nix-community",
        "repo": "home-manager",
        "type": "github"
      }
    },
    "homebrew-azure-bicep": {
      "flake": false,
      "locked": {
        "lastModified": 1785516471,
        "narHash": "sha256-ERCqkhGtjnGHxVshsDyX+WI54IspkosO0OjFBEGgq38=",
        "owner": "Azure",
        "repo": "homebrew-bicep",
        "rev": "f50f73f29215bc752c058b108cc3fc4f006c0e07",
        "type": "github"
      },
      "original": {
        "owner": "Azure",
        "repo": "homebrew-bicep",
        "type": "github"
      }
    },
    "homebrew-hashicorp-tap": {
      "flake": false,
      "locked": {
        "lastModified": 1785845491,
        "narHash": "sha256-6VsYiqbaVRiloyQMRxXJiDJnnvShddgnwFeoXY8FiQg=",
        "owner": "hashicorp",
        "repo": "homebrew-tap",
        "rev": "b7f5123d0d45cca02dc9b09e837f8b112fcd9e32",
        "type": "github"
      },
      "original": {
        "owner": "hashicorp",
        "repo": "homebrew-tap",
        "type": "github"
      }
    },
    "homebrew-homebrew-cask": {
      "flake": false,
      "locked": {
        "lastModified": 1786165559,
        "narHash": "sha256-3xVFzI3WW/9QOdlSpjSupqAFVVkRwCCCSAT+GYYfLtQ=",
        "owner": "homebrew",
        "repo": "homebrew-cask",
        "rev": "b2bc51737ab8113a17a7c015071df9db291bded2",
        "type": "github"
      },
      "original": {
        "owner": "homebrew",
        "repo": "homebrew-cask",
        "type": "github"
      }
    },
    "homebrew-homebrew-core": {
      "flake": false,
      "locked": {
        "lastModified": 1786166369,
        "narHash": "sha256-MuE3xfBiEBDbsz5M8qb/olyiAOfPE/7B45dexyGirFo=",
        "owner": "homebrew",
        "repo": "homebrew-core",
        "rev": "1b9c964b29784c800d0776b3004ffd472d6de1db",
        "type": "github"
      },
      "original": {
        "owner": "homebrew",
        "repo": "homebrew-core",
        "type": "github"
      }
    },
    "nix-homebrew": {
      "inputs": {
        "brew-src": "brew-src"
      },
      "locked": {
        "lastModified": 1785544760,
        "narHash": "sha256-qV6OoNuly4ntqpCg7esIeJjUboxSnQNlLPxz+y5h9/o=",
        "owner": "zhaofengli-wip",
        "repo": "nix-homebrew",
        "rev": "937ce52c7d046310571f3a070713804ead496843",
        "type": "github"
      },
      "original": {
        "owner": "zhaofengli-wip",
        "repo": "nix-homebrew",
        "type": "github"
      }
    },
    "nixpkgs": {
      "locked": {
        "lastModified": 1785975029,
        "narHash": "sha256-X44cn5rzytELc3NNoQsh0aLkjWA/QzPfc6HPQmsG3sU=",
        "owner": "NixOS",
        "repo": "nixpkgs",
        "rev": "70ce234312134a463ba7728e94da2486a1d237ac",
        "type": "github"
      },
      "original": {
        "owner": "NixOS",
        "ref": "nixpkgs-unstable",
        "repo": "nixpkgs",
        "type": "github"
      }
    },
    "root": {
      "inputs": {
        "darwin": "darwin",
        "home-manager": "home-manager",
        "homebrew-azure-bicep": "homebrew-azure-bicep",
        "homebrew-hashicorp-tap": "homebrew-hashicorp-tap",
        "homebrew-homebrew-cask": "homebrew-homebrew-cask",
        "homebrew-homebrew-core": "homebrew-homebrew-core",
        "nix-homebrew": "nix-homebrew",
        "nixpkgs": "nixpkgs",
        "rust-overlay": "rust-overlay"
      }
    },
    "rust-overlay": {
      "inputs": {
        "nixpkgs": [
          "nixpkgs"
        ]
      },
      "locked": {
        "lastModified": 1786160316,
        "narHash": "sha256-oLoc3ZLg1LX/S5Jb3v6MrF415AzDyC4vgeWy9UcYTQk=",
        "owner": "oxalica",
        "repo": "rust-overlay",
        "rev": "4e1c940c96560ceab7c547f89642231371a66646",
        "type": "github"
      },
      "original": {
        "owner": "oxalica",
        "repo": "rust-overlay",
        "type": "github"
      }
    }
  },
  "root": "root",
  "version": 7
}
