{
  "nodes": {
    "brew-src": {
      "flake": false,
      "locked": {
        "lastModified": 1785710351,
        "narHash": "sha256-DTL5T9+HlblsnXCEdxRpEo/2NBHD3t48BS7r+PTf090=",
        "owner": "Homebrew",
        "repo": "brew",
        "rev": "7b0f22a4ab77567edef114c8dfc423fb96e2fbaa",
        "type": "github"
      },
      "original": {
        "owner": "Homebrew",
        "ref": "6.0.15",
        "repo": "brew",
        "type": "github"
      }
    },
    "darwin": {
      "inputs": {
        "nixpkgs": [
          "nixpkgs"
        ]
      },
      "locked": {
        "lastModified": 1785389976,
        "narHash": "sha256-0tLW8Ff5yt8AH97jw4ZpFJ0OCJ122zIlgWGDmOfU/VU=",
        "owner": "LnL7",
        "repo": "nix-darwin",
        "rev": "15abb8c98f336cd8bd840d71059adebabe60bf04",
        "type": "github"
      },
      "original": {
        "owner": "LnL7",
        "repo": "nix-darwin",
        "type": "github"
      }
    },
    "home-manager": {
      "inputs": {
        "nixpkgs": [
          "nixpkgs"
        ]
      },
      "locked": {
        "lastModified": 1786031233,
        "narHash": "sha256-TIDlLTLI1/pB7IqgjzcKQjpODQsZE2oII4XGG9B6KjI=",
        "owner": "nix-community",
        "repo": "home-manager",
        "rev": "7834e82588860aaf780cec1366524456a70898d7",
        "type": "github"
      },
      "original": {
        "owner": "nix-community",
        "repo": "home-manager",
        "type": "github"
      }
    },
    "homebrew-azure-bicep": {
      "flake": false,
      "locked": {
        "lastModified": 1785516471,
        "narHash": "sha256-ERCqkhGtjnGHxVshsDyX+WI54IspkosO0OjFBEGgq38=",
        "owner": "Azure",
        "repo": "homebrew-bicep",
        "rev": "f50f73f29215bc752c058b108cc3fc4f006c0e07",
        "type": "github"
      },
      "original": {
        "owner": "Azure",
        "repo": "homebrew-bicep",
        "type": "github"
      }
    },
    "homebrew-hashicorp-tap": {
      "flake": false,
      "locked": {
        "lastModified": 1785845491,
        "narHash": "sha256-6VsYiqbaVRiloyQMRxXJiDJnnvShddgnwFeoXY8FiQg=",
        "owner": "hashicorp",
        "repo": "homebrew-tap",
        "rev": "b7f5123d0d45cca02dc9b09e837f8b112fcd9e32",
        "type": "github"
      },
      "original": {
        "owner": "hashicorp",
        "repo": "homebrew-tap",
        "type": "github"
      }
    },
    "homebrew-homebrew-cask": {
      "flake": false,
      "locked": {
        "lastModified": 1786208841,
        "narHash": "sha256-+/8BIaPRGF1Vc/AsikbYNTW/1khhGb0ljH00JlaN6/M=",
        "owner": "homebrew",
        "repo": "homebrew-cask",
        "rev": "7e03363501f67ac00f9b60a6a117131083579290",
        "type": "github"
      },
      "original": {
        "owner": "homebrew",
        "repo": "homebrew-cask",
        "type": "github"
      }
    },
    "homebrew-homebrew-core": {
      "flake": false,
      "locked": {
        "lastModified": 1786216258,
        "narHash": "sha256-CdFQiI0CJB3uRQBP897EcP/BMmiu6oAENTPorpUbXRM=",
        "owner": "homebrew",
        "repo": "homebrew-core",
        "rev": "d33ca447401cdac4f541a1f5b2a4276ef85ea3b2",
        "type": "github"
      },
      "original": {
        "owner": "homebrew",
        "repo": "homebrew-core",
        "type": "github"
      }
    },
    "nix-homebrew": {
      "inputs": {
        "brew-src": "brew-src"
      },
      "locked": {
        "lastModified": 1786214333,
        "narHash": "sha256-Pc6J04IGpHWD56vP9UaTXEfZJ08i6UxL2Gz84iTocHo=",
        "owner": "zhaofengli-wip",
        "repo": "nix-homebrew",
        "rev": "3791d1ecb0dbf8f0f89aa9801e6171ad5deb9da1",
        "type": "github"
      },
      "original": {
        "owner": "zhaofengli-wip",
        "repo": "nix-homebrew",
        "type": "github"
      }
    },
    "nixpkgs": {
      "locked": {
        "lastModified": 1785975029,
        "narHash": "sha256-X44cn5rzytELc3NNoQsh0aLkjWA/QzPfc6HPQmsG3sU=",
        "owner": "NixOS",
        "repo": "nixpkgs",
        "rev": "70ce234312134a463ba7728e94da2486a1d237ac",
        "type": "github"
      },
      "original": {
        "owner": "NixOS",
        "ref": "nixpkgs-unstable",
        "repo": "nixpkgs",
        "type": "github"
      }
    },
    "root": {
      "inputs": {
        "darwin": "darwin",
        "home-manager": "home-manager",
        "homebrew-azure-bicep": "homebrew-azure-bicep",
        "homebrew-hashicorp-tap": "homebrew-hashicorp-tap",
        "homebrew-homebrew-cask": "homebrew-homebrew-cask",
        "homebrew-homebrew-core": "homebrew-homebrew-core",
        "nix-homebrew": "nix-homebrew",
        "nixpkgs": "nixpkgs",
        "rust-overlay": "rust-overlay"
      }
    },
    "rust-overlay": {
      "inputs": {
        "nixpkgs": [
          "nixpkgs"
        ]
      },
      "locked": {
        "lastModified": 1786160316,
        "narHash": "sha256-oLoc3ZLg1LX/S5Jb3v6MrF415AzDyC4vgeWy9UcYTQk=",
        "owner": "oxalica",
        "repo": "rust-overlay",
        "rev": "4e1c940c96560ceab7c547f89642231371a66646",
        "type": "github"
      },
      "original": {
        "owner": "oxalica",
        "repo": "rust-overlay",
        "type": "github"
      }
    }
  },
  "root": "root",
  "version": 7
}
